// !$*UTF8*$!
{
	archiveVersion = 1;
	classes = {
	};
	objectVersion = 56;
	objects = {

/* Begin PBXBuildFile section */
		CF2C6C162B1F348C0025EF10 /* DatabaseManager.swift in Sources */ = {isa = PBXBuildFile; fileRef = CF2C6C152B1F348C0025EF10 /* DatabaseManager.swift */; };
		CF2C6C192B1F37080025EF10 /* User.swift in Sources */ = {isa = PBXBuildFile; fileRef = CF2C6C182B1F37080025EF10 /* User.swift */; };
		CF2C6C1B2B1F53780025EF10 /* String+Safe.swift in Sources */ = {isa = PBXBuildFile; fileRef = CF2C6C1A2B1F53780025EF10 /* String+Safe.swift */; };
		CF2C6C1D2B1F541A0025EF10 /* NSLayoutConstraint+Activate.swift in Sources */ = {isa = PBXBuildFile; fileRef = CF2C6C1C2B1F541A0025EF10 /* NSLayoutConstraint+Activate.swift */; };
		CF2C6C222B1F693E0025EF10 /* StorageManager.swift in Sources */ = {isa = PBXBuildFile; fileRef = CF2C6C212B1F693E0025EF10 /* StorageManager.swift */; };
		CF2C6C272B289EEC0025EF10 /* NewConversationViewController.swift in Sources */ = {isa = PBXBuildFile; fileRef = CF2C6C262B289EEC0025EF10 /* NewConversationViewController.swift */; };
		CF2C6C292B28A9780025EF10 /* ChatUser.swift in Sources */ = {isa = PBXBuildFile; fileRef = CF2C6C282B28A9780025EF10 /* ChatUser.swift */; };
		CF2C6C2B2B29CA9D0025EF10 /* NewConversationTableViewCell.swift in Sources */ = {isa = PBXBuildFile; fileRef = CF2C6C2A2B29CA9D0025EF10 /* NewConversationTableViewCell.swift */; };
		CF2C6C2E2B2EDBC30025EF10 /* MessageKit in Frameworks */ = {isa = PBXBuildFile; productRef = CF2C6C2D2B2EDBC30025EF10 /* MessageKit */; };
		CF2C6C302B2EE9070025EF10 /* ProfileUserDefaults.swift in Sources */ = {isa = PBXBuildFile; fileRef = CF2C6C2F2B2EE9070025EF10 /* ProfileUserDefaults.swift */; };
		CF2C6C322B3DBE0C0025EF10 /* Message.swift in Sources */ = {isa = PBXBuildFile; fileRef = CF2C6C312B3DBE0C0025EF10 /* Message.swift */; };
		CF2C6C342B3DC0080025EF10 /* Sender.swift in Sources */ = {isa = PBXBuildFile; fileRef = CF2C6C332B3DC0080025EF10 /* Sender.swift */; };
		CF3764C42BEF855400BD4A9A /* Media.swift in Sources */ = {isa = PBXBuildFile; fileRef = CF3764C32BEF855400BD4A9A /* Media.swift */; };
		CF6FDF442B4FF84500188240 /* UserAvatarProvider.swift in Sources */ = {isa = PBXBuildFile; fileRef = CF6FDF432B4FF84500188240 /* UserAvatarProvider.swift */; };
		CFA176E62C8DD3E60047A948 /* MessageKind+Content.swift in Sources */ = {isa = PBXBuildFile; fileRef = CFA176E52C8DD3E60047A948 /* MessageKind+Content.swift */; };
		CFA176E92C8F47F90047A948 /* PhotoViewController.swift in Sources */ = {isa = PBXBuildFile; fileRef = CFA176E82C8F47F90047A948 /* PhotoViewController.swift */; };
		CFA176EC2CA323330047A948 /* LocationPickerViewController.swift in Sources */ = {isa = PBXBuildFile; fileRef = CFA176EB2CA323330047A948 /* LocationPickerViewController.swift */; };
		CFA176EE2CA35DDD0047A948 /* Location.swift in Sources */ = {isa = PBXBuildFile; fileRef = CFA176ED2CA35DDD0047A948 /* Location.swift */; };
		CFA176F12CA48E870047A948 /* SDWebImage in Frameworks */ = {isa = PBXBuildFile; productRef = CFA176F02CA48E870047A948 /* SDWebImage */; };
		CFA176F32CA48E870047A948 /* SDWebImageMapKit in Frameworks */ = {isa = PBXBuildFile; productRef = CFA176F22CA48E870047A948 /* SDWebImageMapKit */; };
		CFD03BF82B15D51E008E7E0A /* AppDelegate.swift in Sources */ = {isa = PBXBuildFile; fileRef = CFD03BF72B15D51E008E7E0A /* AppDelegate.swift */; };
		CFD03BFA2B15D51E008E7E0A /* SceneDelegate.swift in Sources */ = {isa = PBXBuildFile; fileRef = CFD03BF92B15D51E008E7E0A /* SceneDelegate.swift */; };
		CFD03C012B15D520008E7E0A /* Assets.xcassets in Resources */ = {isa = PBXBuildFile; fileRef = CFD03C002B15D520008E7E0A /* Assets.xcassets */; };
		CFD03C042B15D520008E7E0A /* LaunchScreen.storyboard in Resources */ = {isa = PBXBuildFile; fileRef = CFD03C022B15D520008E7E0A /* LaunchScreen.storyboard */; };
		CFD03C0D2B15D8DB008E7E0A /* ChatsListViewController.swift in Sources */ = {isa = PBXBuildFile; fileRef = CFD03C0C2B15D8DB008E7E0A /* ChatsListViewController.swift */; };
		CFD03C102B15DC2E008E7E0A /* ProfileViewController.swift in Sources */ = {isa = PBXBuildFile; fileRef = CFD03C0F2B15DC2E008E7E0A /* ProfileViewController.swift */; };
		CFD03C122B15DC9A008E7E0A /* MainTabBarController.swift in Sources */ = {isa = PBXBuildFile; fileRef = CFD03C112B15DC9A008E7E0A /* MainTabBarController.swift */; };
		CFD03C152B15DFED008E7E0A /* LoginViewController.swift in Sources */ = {isa = PBXBuildFile; fileRef = CFD03C142B15DFED008E7E0A /* LoginViewController.swift */; };
		CFD03C172B15E2F7008E7E0A /* LoginView.swift in Sources */ = {isa = PBXBuildFile; fileRef = CFD03C162B15E2F7008E7E0A /* LoginView.swift */; };
		CFD03C192B15E75D008E7E0A /* LayoutMetrics.swift in Sources */ = {isa = PBXBuildFile; fileRef = CFD03C182B15E75D008E7E0A /* LayoutMetrics.swift */; };
		CFD03C1B2B15EA58008E7E0A /* Colors.swift in Sources */ = {isa = PBXBuildFile; fileRef = CFD03C1A2B15EA58008E7E0A /* Colors.swift */; };
		CFD03C1E2B15FC78008E7E0A /* RegisterViewController.swift in Sources */ = {isa = PBXBuildFile; fileRef = CFD03C1D2B15FC78008E7E0A /* RegisterViewController.swift */; };
		CFD03C202B160290008E7E0A /* RegisterView.swift in Sources */ = {isa = PBXBuildFile; fileRef = CFD03C1F2B160290008E7E0A /* RegisterView.swift */; };
		CFD03C222B16033A008E7E0A /* BaseComponentsFactory.swift in Sources */ = {isa = PBXBuildFile; fileRef = CFD03C212B16033A008E7E0A /* BaseComponentsFactory.swift */; };
		CFD03C242B188923008E7E0A /* Notification.swift in Sources */ = {isa = PBXBuildFile; fileRef = CFD03C232B188923008E7E0A /* Notification.swift */; };
		CFD03C262B189505008E7E0A /* GoogleService-Info.plist in Resources */ = {isa = PBXBuildFile; fileRef = CFD03C252B189504008E7E0A /* GoogleService-Info.plist */; };
		CFD03C292B18A19F008E7E0A /* FirebaseAnalytics in Frameworks */ = {isa = PBXBuildFile; productRef = CFD03C282B18A19F008E7E0A /* FirebaseAnalytics */; };
		CFD03C2B2B18A19F008E7E0A /* FirebaseAuth in Frameworks */ = {isa = PBXBuildFile; productRef = CFD03C2A2B18A19F008E7E0A /* FirebaseAuth */; };
		CFD03C2D2B18A19F008E7E0A /* FirebaseDatabase in Frameworks */ = {isa = PBXBuildFile; productRef = CFD03C2C2B18A19F008E7E0A /* FirebaseDatabase */; };
		CFD03C2F2B18A19F008E7E0A /* FirebaseDatabaseSwift in Frameworks */ = {isa = PBXBuildFile; productRef = CFD03C2E2B18A19F008E7E0A /* FirebaseDatabaseSwift */; };
		CFD03C312B18A19F008E7E0A /* FirebaseFirestore in Frameworks */ = {isa = PBXBuildFile; productRef = CFD03C302B18A19F008E7E0A /* FirebaseFirestore */; };
		CFD03C332B18A19F008E7E0A /* FirebaseFirestoreSwift in Frameworks */ = {isa = PBXBuildFile; productRef = CFD03C322B18A19F008E7E0A /* FirebaseFirestoreSwift */; };
		CFD03C352B18A19F008E7E0A /* FirebaseStorage in Frameworks */ = {isa = PBXBuildFile; productRef = CFD03C342B18A19F008E7E0A /* FirebaseStorage */; };
		CFD03C372B18C368008E7E0A /* RegisterNetworkService.swift in Sources */ = {isa = PBXBuildFile; fileRef = CFD03C362B18C368008E7E0A /* RegisterNetworkService.swift */; };
		CFD03C392B19009D008E7E0A /* LoginNetworkService.swift in Sources */ = {isa = PBXBuildFile; fileRef = CFD03C382B19009D008E7E0A /* LoginNetworkService.swift */; };
		CFD03C3C2B1BD0E8008E7E0A /* ChatViewController.swift in Sources */ = {isa = PBXBuildFile; fileRef = CFD03C3B2B1BD0E8008E7E0A /* ChatViewController.swift */; };
		CFD03C3E2B1BD29A008E7E0A /* ChatsListTableViewCell.swift in Sources */ = {isa = PBXBuildFile; fileRef = CFD03C3D2B1BD29A008E7E0A /* ChatsListTableViewCell.swift */; };
		CFD03C402B1BD493008E7E0A /* ChatItem.swift in Sources */ = {isa = PBXBuildFile; fileRef = CFD03C3F2B1BD493008E7E0A /* ChatItem.swift */; };
/* End PBXBuildFile section */

/* Begin PBXFileReference section */
		CF2C6C152B1F348C0025EF10 /* DatabaseManager.swift */ = {isa = PBXFileReference; lastKnownFileType = sourcecode.swift; path = DatabaseManager.swift; sourceTree = "<group>"; };
		CF2C6C182B1F37080025EF10 /* User.swift */ = {isa = PBXFileReference; lastKnownFileType = sourcecode.swift; path = User.swift; sourceTree = "<group>"; };
		CF2C6C1A2B1F53780025EF10 /* String+Safe.swift */ = {isa = PBXFileReference; lastKnownFileType = sourcecode.swift; path = "String+Safe.swift"; sourceTree = "<group>"; };
		CF2C6C1C2B1F541A0025EF10 /* NSLayoutConstraint+Activate.swift */ = {isa = PBXFileReference; lastKnownFileType = sourcecode.swift; path = "NSLayoutConstraint+Activate.swift"; sourceTree = "<group>"; };
		CF2C6C212B1F693E0025EF10 /* StorageManager.swift */ = {isa = PBXFileReference; lastKnownFileType = sourcecode.swift; path = StorageManager.swift; sourceTree = "<group>"; };
		CF2C6C262B289EEC0025EF10 /* NewConversationViewController.swift */ = {isa = PBXFileReference; lastKnownFileType = sourcecode.swift; path = NewConversationViewController.swift; sourceTree = "<group>"; };
		CF2C6C282B28A9780025EF10 /* ChatUser.swift */ = {isa = PBXFileReference; lastKnownFileType = sourcecode.swift; path = ChatUser.swift; sourceTree = "<group>"; };
		CF2C6C2A2B29CA9D0025EF10 /* NewConversationTableViewCell.swift */ = {isa = PBXFileReference; lastKnownFileType = sourcecode.swift; path = NewConversationTableViewCell.swift; sourceTree = "<group>"; };
		CF2C6C2F2B2EE9070025EF10 /* ProfileUserDefaults.swift */ = {isa = PBXFileReference; lastKnownFileType = sourcecode.swift; path = ProfileUserDefaults.swift; sourceTree = "<group>"; };
		CF2C6C312B3DBE0C0025EF10 /* Message.swift */ = {isa = PBXFileReference; lastKnownFileType = sourcecode.swift; path = Message.swift; sourceTree = "<group>"; };
		CF2C6C332B3DC0080025EF10 /* Sender.swift */ = {isa = PBXFileReference; lastKnownFileType = sourcecode.swift; path = Sender.swift; sourceTree = "<group>"; };
		CF3764C32BEF855400BD4A9A /* Media.swift */ = {isa = PBXFileReference; lastKnownFileType = sourcecode.swift; path = Media.swift; sourceTree = "<group>"; };
		CF6FDF432B4FF84500188240 /* UserAvatarProvider.swift */ = {isa = PBXFileReference; lastKnownFileType = sourcecode.swift; path = UserAvatarProvider.swift; sourceTree = "<group>"; };
		CFA176E52C8DD3E60047A948 /* MessageKind+Content.swift */ = {isa = PBXFileReference; lastKnownFileType = sourcecode.swift; path = "MessageKind+Content.swift"; sourceTree = "<group>"; };
		CFA176E82C8F47F90047A948 /* PhotoViewController.swift */ = {isa = PBXFileReference; lastKnownFileType = sourcecode.swift; path = PhotoViewController.swift; sourceTree = "<group>"; };
		CFA176EB2CA323330047A948 /* LocationPickerViewController.swift */ = {isa = PBXFileReference; lastKnownFileType = sourcecode.swift; path = LocationPickerViewController.swift; sourceTree = "<group>"; };
		CFA176ED2CA35DDD0047A948 /* Location.swift */ = {isa = PBXFileReference; lastKnownFileType = sourcecode.swift; path = Location.swift; sourceTree = "<group>"; };
		CFD03BF42B15D51E008E7E0A /* Messanger.app */ = {isa = PBXFileReference; explicitFileType = wrapper.application; includeInIndex = 0; path = Messanger.app; sourceTree = BUILT_PRODUCTS_DIR; };
		CFD03BF72B15D51E008E7E0A /* AppDelegate.swift */ = {isa = PBXFileReference; lastKnownFileType = sourcecode.swift; path = AppDelegate.swift; sourceTree = "<group>"; };
		CFD03BF92B15D51E008E7E0A /* SceneDelegate.swift */ = {isa = PBXFileReference; lastKnownFileType = sourcecode.swift; path = SceneDelegate.swift; sourceTree = "<group>"; };
		CFD03C002B15D520008E7E0A /* Assets.xcassets */ = {isa = PBXFileReference; lastKnownFileType = folder.assetcatalog; path = Assets.xcassets; sourceTree = "<group>"; };
		CFD03C032B15D520008E7E0A /* Base */ = {isa = PBXFileReference; lastKnownFileType = file.storyboard; name = Base; path = Base.lproj/LaunchScreen.storyboard; sourceTree = "<group>"; };
		CFD03C052B15D520008E7E0A /* Info.plist */ = {isa = PBXFileReference; lastKnownFileType = text.plist.xml; path = Info.plist; sourceTree = "<group>"; };
		CFD03C0C2B15D8DB008E7E0A /* ChatsListViewController.swift */ = {isa = PBXFileReference; lastKnownFileType = sourcecode.swift; path = ChatsListViewController.swift; sourceTree = "<group>"; };
		CFD03C0F2B15DC2E008E7E0A /* ProfileViewController.swift */ = {isa = PBXFileReference; lastKnownFileType = sourcecode.swift; path = ProfileViewController.swift; sourceTree = "<group>"; };
		CFD03C112B15DC9A008E7E0A /* MainTabBarController.swift */ = {isa = PBXFileReference; lastKnownFileType = sourcecode.swift; path = MainTabBarController.swift; sourceTree = "<group>"; };
		CFD03C142B15DFED008E7E0A /* LoginViewController.swift */ = {isa = PBXFileReference; lastKnownFileType = sourcecode.swift; path = LoginViewController.swift; sourceTree = "<group>"; };
		CFD03C162B15E2F7008E7E0A /* LoginView.swift */ = {isa = PBXFileReference; lastKnownFileType = sourcecode.swift; path = LoginView.swift; sourceTree = "<group>"; };
		CFD03C182B15E75D008E7E0A /* LayoutMetrics.swift */ = {isa = PBXFileReference; lastKnownFileType = sourcecode.swift; path = LayoutMetrics.swift; sourceTree = "<group>"; };
		CFD03C1A2B15EA58008E7E0A /* Colors.swift */ = {isa = PBXFileReference; lastKnownFileType = sourcecode.swift; path = Colors.swift; sourceTree = "<group>"; };
		CFD03C1D2B15FC78008E7E0A /* RegisterViewController.swift */ = {isa = PBXFileReference; lastKnownFileType = sourcecode.swift; path = RegisterViewController.swift; sourceTree = "<group>"; };
		CFD03C1F2B160290008E7E0A /* RegisterView.swift */ = {isa = PBXFileReference; lastKnownFileType = sourcecode.swift; path = RegisterView.swift; sourceTree = "<group>"; };
		CFD03C212B16033A008E7E0A /* BaseComponentsFactory.swift */ = {isa = PBXFileReference; lastKnownFileType = sourcecode.swift; path = BaseComponentsFactory.swift; sourceTree = "<group>"; };
		CFD03C232B188923008E7E0A /* Notification.swift */ = {isa = PBXFileReference; lastKnownFileType = sourcecode.swift; path = Notification.swift; sourceTree = "<group>"; };
		CFD03C252B189504008E7E0A /* GoogleService-Info.plist */ = {isa = PBXFileReference; fileEncoding = 4; lastKnownFileType = text.plist.xml; name = "GoogleService-Info.plist"; path = "../../../Downloads/GoogleService-Info.plist"; sourceTree = "<group>"; };
		CFD03C362B18C368008E7E0A /* RegisterNetworkService.swift */ = {isa = PBXFileReference; lastKnownFileType = sourcecode.swift; path = RegisterNetworkService.swift; sourceTree = "<group>"; };
		CFD03C382B19009D008E7E0A /* LoginNetworkService.swift */ = {isa = PBXFileReference; lastKnownFileType = sourcecode.swift; path = LoginNetworkService.swift; sourceTree = "<group>"; };
		CFD03C3B2B1BD0E8008E7E0A /* ChatViewController.swift */ = {isa = PBXFileReference; lastKnownFileType = sourcecode.swift; path = ChatViewController.swift; sourceTree = "<group>"; };
		CFD03C3D2B1BD29A008E7E0A /* ChatsListTableViewCell.swift */ = {isa = PBXFileReference; lastKnownFileType = sourcecode.swift; path = ChatsListTableViewCell.swift; sourceTree = "<group>"; };
		CFD03C3F2B1BD493008E7E0A /* ChatItem.swift */ = {isa = PBXFileReference; lastKnownFileType = sourcecode.swift; path = ChatItem.swift; sourceTree = "<group>"; };
/* End PBXFileReference section */

/* Begin PBXFrameworksBuildPhase section */
		CFD03BF12B15D51E008E7E0A /* Frameworks */ = {
			isa = PBXFrameworksBuildPhase;
			buildActionMask = 2147483647;
			files = (
				CFD03C2F2B18A19F008E7E0A /* FirebaseDatabaseSwift in Frameworks */,
				CFD03C2D2B18A19F008E7E0A /* FirebaseDatabase in Frameworks */,
				CFD03C292B18A19F008E7E0A /* FirebaseAnalytics in Frameworks */,
				CFD03C312B18A19F008E7E0A /* FirebaseFirestore in Frameworks */,
				CFD03C352B18A19F008E7E0A /* FirebaseStorage in Frameworks */,
				CFD03C2B2B18A19F008E7E0A /* FirebaseAuth in Frameworks */,
				CFA176F32CA48E870047A948 /* SDWebImageMapKit in Frameworks */,
				CFA176F12CA48E870047A948 /* SDWebImage in Frameworks */,
				CFD03C332B18A19F008E7E0A /* FirebaseFirestoreSwift in Frameworks */,
				CF2C6C2E2B2EDBC30025EF10 /* MessageKit in Frameworks */,
			);
			runOnlyForDeploymentPostprocessing = 0;
		};
/* End PBXFrameworksBuildPhase section */

/* Begin PBXGroup section */
		CF2C6C172B1F36F70025EF10 /* Models */ = {
			isa = PBXGroup;
			children = (
				CF2C6C182B1F37080025EF10 /* User.swift */,
				CF2C6C282B28A9780025EF10 /* ChatUser.swift */,
				CF2C6C312B3DBE0C0025EF10 /* Message.swift */,
				CF2C6C332B3DC0080025EF10 /* Sender.swift */,
				CF3764C32BEF855400BD4A9A /* Media.swift */,
				CFA176ED2CA35DDD0047A948 /* Location.swift */,
			);
			path = Models;
			sourceTree = "<group>";
		};
		CF2C6C202B1F544B0025EF10 /* Extensions */ = {
			isa = PBXGroup;
			children = (
				CF2C6C1A2B1F53780025EF10 /* String+Safe.swift */,
				CF2C6C1C2B1F541A0025EF10 /* NSLayoutConstraint+Activate.swift */,
				CFA176E52C8DD3E60047A948 /* MessageKind+Content.swift */,
			);
			path = Extensions;
			sourceTree = "<group>";
		};
		CF2C6C252B289E990025EF10 /* NewConversation */ = {
			isa = PBXGroup;
			children = (
				CF2C6C262B289EEC0025EF10 /* NewConversationViewController.swift */,
				CF2C6C2A2B29CA9D0025EF10 /* NewConversationTableViewCell.swift */,
			);
			path = NewConversation;
			sourceTree = "<group>";
		};
		CFA176E72C8F2B290047A948 /* Viewers */ = {
			isa = PBXGroup;
			children = (
				CFA176E82C8F47F90047A948 /* PhotoViewController.swift */,
			);
			path = Viewers;
			sourceTree = "<group>";
		};
		CFA176EA2CA322F80047A948 /* Location */ = {
			isa = PBXGroup;
			children = (
				CFA176EB2CA323330047A948 /* LocationPickerViewController.swift */,
			);
			path = Location;
			sourceTree = "<group>";
		};
		CFD03BEB2B15D51E008E7E0A = {
			isa = PBXGroup;
			children = (
				CFD03BF62B15D51E008E7E0A /* Messanger */,
				CFD03BF52B15D51E008E7E0A /* Products */,
			);
			sourceTree = "<group>";
		};
		CFD03BF52B15D51E008E7E0A /* Products */ = {
			isa = PBXGroup;
			children = (
				CFD03BF42B15D51E008E7E0A /* Messanger.app */,
			);
			name = Products;
			sourceTree = "<group>";
		};
		CFD03BF62B15D51E008E7E0A /* Messanger */ = {
			isa = PBXGroup;
			children = (
				CFA176EA2CA322F80047A948 /* Location */,
				CFA176E72C8F2B290047A948 /* Viewers */,
				CF2C6C252B289E990025EF10 /* NewConversation */,
				CF2C6C172B1F36F70025EF10 /* Models */,
				CFD03C3A2B1BD0AD008E7E0A /* Chat */,
				CFD03C1C2B15FC4E008E7E0A /* Register */,
				CFD03C132B15DFCC008E7E0A /* Login */,
				CFD03C0E2B15DC07008E7E0A /* Profile */,
				CFD03C0B2B15D8B5008E7E0A /* ChatsList */,
				CFD03BF72B15D51E008E7E0A /* AppDelegate.swift */,
				CFD03BF92B15D51E008E7E0A /* SceneDelegate.swift */,
				CFD03C112B15DC9A008E7E0A /* MainTabBarController.swift */,
				CFD03C212B16033A008E7E0A /* BaseComponentsFactory.swift */,
				CF2C6C152B1F348C0025EF10 /* DatabaseManager.swift */,
				CF2C6C212B1F693E0025EF10 /* StorageManager.swift */,
				CFD03C182B15E75D008E7E0A /* LayoutMetrics.swift */,
				CFD03C232B188923008E7E0A /* Notification.swift */,
				CFD03C1A2B15EA58008E7E0A /* Colors.swift */,
				CF2C6C202B1F544B0025EF10 /* Extensions */,
				CFD03C002B15D520008E7E0A /* Assets.xcassets */,
				CFD03C022B15D520008E7E0A /* LaunchScreen.storyboard */,
				CFD03C252B189504008E7E0A /* GoogleService-Info.plist */,
				CFD03C052B15D520008E7E0A /* Info.plist */,
				CF2C6C2F2B2EE9070025EF10 /* ProfileUserDefaults.swift */,
				CF6FDF432B4FF84500188240 /* UserAvatarProvider.swift */,
			);
			path = Messanger;
			sourceTree = "<group>";
		};
		CFD03C0B2B15D8B5008E7E0A /* ChatsList */ = {
			isa = PBXGroup;
			children = (
				CFD03C0C2B15D8DB008E7E0A /* ChatsListViewController.swift */,
				CFD03C3D2B1BD29A008E7E0A /* ChatsListTableViewCell.swift */,
				CFD03C3F2B1BD493008E7E0A /* ChatItem.swift */,
			);
			path = ChatsList;
			sourceTree = "<group>";
		};
		CFD03C0E2B15DC07008E7E0A /* Profile */ = {
			isa = PBXGroup;
			children = (
				CFD03C0F2B15DC2E008E7E0A /* ProfileViewController.swift */,
			);
			path = Profile;
			sourceTree = "<group>";
		};
		CFD03C132B15DFCC008E7E0A /* Login */ = {
			isa = PBXGroup;
			children = (
				CFD03C142B15DFED008E7E0A /* LoginViewController.swift */,
				CFD03C162B15E2F7008E7E0A /* LoginView.swift */,
				CFD03C382B19009D008E7E0A /* LoginNetworkService.swift */,
			);
			path = Login;
			sourceTree = "<group>";
		};
		CFD03C1C2B15FC4E008E7E0A /* Register */ = {
			isa = PBXGroup;
			children = (
				CFD03C1D2B15FC78008E7E0A /* RegisterViewController.swift */,
				CFD03C1F2B160290008E7E0A /* RegisterView.swift */,
				CFD03C362B18C368008E7E0A /* RegisterNetworkService.swift */,
			);
			path = Register;
			sourceTree = "<group>";
		};
		CFD03C3A2B1BD0AD008E7E0A /* Chat */ = {
			isa = PBXGroup;
			children = (
				CFD03C3B2B1BD0E8008E7E0A /* ChatViewController.swift */,
			);
			path = Chat;
			sourceTree = "<group>";
		};
/* End PBXGroup section */

/* Begin PBXNativeTarget section */
		CFD03BF32B15D51E008E7E0A /* Messanger */ = {
			isa = PBXNativeTarget;
			buildConfigurationList = CFD03C082B15D520008E7E0A /* Build configuration list for PBXNativeTarget "Messanger" */;
			buildPhases = (
				CFD03BF02B15D51E008E7E0A /* Sources */,
				CFD03BF12B15D51E008E7E0A /* Frameworks */,
				CFD03BF22B15D51E008E7E0A /* Resources */,
			);
			buildRules = (
			);
			dependencies = (
			);
			name = Messanger;
			packageProductDependencies = (
				CFD03C282B18A19F008E7E0A /* FirebaseAnalytics */,
				CFD03C2A2B18A19F008E7E0A /* FirebaseAuth */,
				CFD03C2C2B18A19F008E7E0A /* FirebaseDatabase */,
				CFD03C2E2B18A19F008E7E0A /* FirebaseDatabaseSwift */,
				CFD03C302B18A19F008E7E0A /* FirebaseFirestore */,
				CFD03C322B18A19F008E7E0A /* FirebaseFirestoreSwift */,
				CFD03C342B18A19F008E7E0A /* FirebaseStorage */,
				CF2C6C2D2B2EDBC30025EF10 /* MessageKit */,
				CFA176F02CA48E870047A948 /* SDWebImage */,
				CFA176F22CA48E870047A948 /* SDWebImageMapKit */,
			);
			productName = Messanger;
			productReference = CFD03BF42B15D51E008E7E0A /* Messanger.app */;
			productType = "com.apple.product-type.application";
		};
/* End PBXNativeTarget section */

/* Begin PBXProject section */
		CFD03BEC2B15D51E008E7E0A /* Project object */ = {
			isa = PBXProject;
			attributes = {
				BuildIndependentTargetsInParallel = 1;
				LastSwiftUpdateCheck = 1430;
				LastUpgradeCheck = 1430;
				TargetAttributes = {
					CFD03BF32B15D51E008E7E0A = {
						CreatedOnToolsVersion = 14.3.1;
					};
				};
			};
			buildConfigurationList = CFD03BEF2B15D51E008E7E0A /* Build configuration list for PBXProject "Messanger" */;
			compatibilityVersion = "Xcode 14.0";
			developmentRegion = en;
			hasScannedForEncodings = 0;
			knownRegions = (
				en,
				Base,
			);
			mainGroup = CFD03BEB2B15D51E008E7E0A;
			packageReferences = (
				CFD03C272B18A19E008E7E0A /* XCRemoteSwiftPackageReference "firebase-ios-sdk" */,
				CF2C6C2C2B2EDBC30025EF10 /* XCRemoteSwiftPackageReference "MessageKit" */,
				CFA176EF2CA48E870047A948 /* XCRemoteSwiftPackageReference "SDWebImage" */,
			);
			productRefGroup = CFD03BF52B15D51E008E7E0A /* Products */;
			projectDirPath = "";
			projectRoot = "";
			targets = (
				CFD03BF32B15D51E008E7E0A /* Messanger */,
			);
		};
/* End PBXProject section */

/* Begin PBXResourcesBuildPhase section */
		CFD03BF22B15D51E008E7E0A /* Resources */ = {
			isa = PBXResourcesBuildPhase;
			buildActionMask = 2147483647;
			files = (
				CFD03C042B15D520008E7E0A /* LaunchScreen.storyboard in Resources */,
				CFD03C012B15D520008E7E0A /* Assets.xcassets in Resources */,
				CFD03C262B189505008E7E0A /* GoogleService-Info.plist in Resources */,
			);
			runOnlyForDeploymentPostprocessing = 0;
		};
/* End PBXResourcesBuildPhase section */

/* Begin PBXSourcesBuildPhase section */
		CFD03BF02B15D51E008E7E0A /* Sources */ = {
			isa = PBXSourcesBuildPhase;
			buildActionMask = 2147483647;
			files = (
				CFD03C202B160290008E7E0A /* RegisterView.swift in Sources */,
				CFD03C152B15DFED008E7E0A /* LoginViewController.swift in Sources */,
				CF2C6C1D2B1F541A0025EF10 /* NSLayoutConstraint+Activate.swift in Sources */,
				CFA176EC2CA323330047A948 /* LocationPickerViewController.swift in Sources */,
				CF6FDF442B4FF84500188240 /* UserAvatarProvider.swift in Sources */,
				CFA176E62C8DD3E60047A948 /* MessageKind+Content.swift in Sources */,
				CFD03C3C2B1BD0E8008E7E0A /* ChatViewController.swift in Sources */,
				CF3764C42BEF855400BD4A9A /* Media.swift in Sources */,
				CF2C6C292B28A9780025EF10 /* ChatUser.swift in Sources */,
				CFD03C1E2B15FC78008E7E0A /* RegisterViewController.swift in Sources */,
				CFD03C1B2B15EA58008E7E0A /* Colors.swift in Sources */,
				CF2C6C1B2B1F53780025EF10 /* String+Safe.swift in Sources */,
				CFD03C172B15E2F7008E7E0A /* LoginView.swift in Sources */,
				CFD03C392B19009D008E7E0A /* LoginNetworkService.swift in Sources */,
				CFD03C3E2B1BD29A008E7E0A /* ChatsListTableViewCell.swift in Sources */,
				CF2C6C192B1F37080025EF10 /* User.swift in Sources */,
				CFD03C402B1BD493008E7E0A /* ChatItem.swift in Sources */,
				CF2C6C322B3DBE0C0025EF10 /* Message.swift in Sources */,
				CF2C6C342B3DC0080025EF10 /* Sender.swift in Sources */,
				CFD03BF82B15D51E008E7E0A /* AppDelegate.swift in Sources */,
				CFD03C192B15E75D008E7E0A /* LayoutMetrics.swift in Sources */,
				CFD03C242B188923008E7E0A /* Notification.swift in Sources */,
				CFD03C222B16033A008E7E0A /* BaseComponentsFactory.swift in Sources */,
				CFD03C372B18C368008E7E0A /* RegisterNetworkService.swift in Sources */,
				CF2C6C162B1F348C0025EF10 /* DatabaseManager.swift in Sources */,
				CF2C6C2B2B29CA9D0025EF10 /* NewConversationTableViewCell.swift in Sources */,
				CF2C6C302B2EE9070025EF10 /* ProfileUserDefaults.swift in Sources */,
				CFA176EE2CA35DDD0047A948 /* Location.swift in Sources */,
				CF2C6C272B289EEC0025EF10 /* NewConversationViewController.swift in Sources */,
				CFD03C0D2B15D8DB008E7E0A /* ChatsListViewController.swift in Sources */,
				CFD03C122B15DC9A008E7E0A /* MainTabBarController.swift in Sources */,
				CFD03C102B15DC2E008E7E0A /* ProfileViewController.swift in Sources */,
				CFD03BFA2B15D51E008E7E0A /* SceneDelegate.swift in Sources */,
				CF2C6C222B1F693E0025EF10 /* StorageManager.swift in Sources */,
				CFA176E92C8F47F90047A948 /* PhotoViewController.swift in Sources */,
			);
			runOnlyForDeploymentPostprocessing = 0;
		};
/* End PBXSourcesBuildPhase section */

/* Begin PBXVariantGroup section */
		CFD03C022B15D520008E7E0A /* LaunchScreen.storyboard */ = {
			isa = PBXVariantGroup;
			children = (
				CFD03C032B15D520008E7E0A /* Base */,
			);
			name = LaunchScreen.storyboard;
			sourceTree = "<group>";
		};
/* End PBXVariantGroup section */

/* Begin XCBuildConfiguration section */
		CFD03C062B15D520008E7E0A /* Debug */ = {
			isa = XCBuildConfiguration;
			buildSettings = {
				ALWAYS_SEARCH_USER_PATHS = NO;
				CLANG_ANALYZER_NONNULL = YES;
				CLANG_ANALYZER_NUMBER_OBJECT_CONVERSION = YES_AGGRESSIVE;
				CLANG_CXX_LANGUAGE_STANDARD = "gnu++20";
				CLANG_ENABLE_MODULES = YES;
				CLANG_ENABLE_OBJC_ARC = YES;
				CLANG_ENABLE_OBJC_WEAK = YES;
				CLANG_WARN_BLOCK_CAPTURE_AUTORELEASING = YES;
				CLANG_WARN_BOOL_CONVERSION = YES;
				CLANG_WARN_COMMA = YES;
				CLANG_WARN_CONSTANT_CONVERSION = YES;
				CLANG_WARN_DEPRECATED_OBJC_IMPLEMENTATIONS = YES;
				CLANG_WARN_DIRECT_OBJC_ISA_USAGE = YES_ERROR;
				CLANG_WARN_DOCUMENTATION_COMMENTS = YES;
				CLANG_WARN_EMPTY_BODY = YES;
				CLANG_WARN_ENUM_CONVERSION = YES;
				CLANG_WARN_INFINITE_RECURSION = YES;
				CLANG_WARN_INT_CONVERSION = YES;
				CLANG_WARN_NON_LITERAL_NULL_CONVERSION = YES;
				CLANG_WARN_OBJC_IMPLICIT_RETAIN_SELF = YES;
				CLANG_WARN_OBJC_LITERAL_CONVERSION = YES;
				CLANG_WARN_OBJC_ROOT_CLASS = YES_ERROR;
				CLANG_WARN_QUOTED_INCLUDE_IN_FRAMEWORK_HEADER = YES;
				CLANG_WARN_RANGE_LOOP_ANALYSIS = YES;
				CLANG_WARN_STRICT_PROTOTYPES = YES;
				CLANG_WARN_SUSPICIOUS_MOVE = YES;
				CLANG_WARN_UNGUARDED_AVAILABILITY = YES_AGGRESSIVE;
				CLANG_WARN_UNREACHABLE_CODE = YES;
				CLANG_WARN__DUPLICATE_METHOD_MATCH = YES;
				COPY_PHASE_STRIP = NO;
				DEBUG_INFORMATION_FORMAT = dwarf;
				ENABLE_STRICT_OBJC_MSGSEND = YES;
				ENABLE_TESTABILITY = YES;
				GCC_C_LANGUAGE_STANDARD = gnu11;
				GCC_DYNAMIC_NO_PIC = NO;
				GCC_NO_COMMON_BLOCKS = YES;
				GCC_OPTIMIZATION_LEVEL = 0;
				GCC_PREPROCESSOR_DEFINITIONS = (
					"DEBUG=1",
					"$(inherited)",
				);
				GCC_WARN_64_TO_32_BIT_CONVERSION = YES;
				GCC_WARN_ABOUT_RETURN_TYPE = YES_ERROR;
				GCC_WARN_UNDECLARED_SELECTOR = YES;
				GCC_WARN_UNINITIALIZED_AUTOS = YES_AGGRESSIVE;
				GCC_WARN_UNUSED_FUNCTION = YES;
				GCC_WARN_UNUSED_VARIABLE = YES;
				IPHONEOS_DEPLOYMENT_TARGET = 16.4;
				MTL_ENABLE_DEBUG_INFO = INCLUDE_SOURCE;
				MTL_FAST_MATH = YES;
				ONLY_ACTIVE_ARCH = YES;
				SDKROOT = iphoneos;
				SWIFT_ACTIVE_COMPILATION_CONDITIONS = DEBUG;
				SWIFT_OPTIMIZATION_LEVEL = "-Onone";
			};
			name = Debug;
		};
		CFD03C072B15D520008E7E0A /* Release */ = {
			isa = XCBuildConfiguration;
			buildSettings = {
				ALWAYS_SEARCH_USER_PATHS = NO;
				CLANG_ANALYZER_NONNULL = YES;
				CLANG_ANALYZER_NUMBER_OBJECT_CONVERSION = YES_AGGRESSIVE;
				CLANG_CXX_LANGUAGE_STANDARD = "gnu++20";
				CLANG_ENABLE_MODULES = YES;
				CLANG_ENABLE_OBJC_ARC = YES;
				CLANG_ENABLE_OBJC_WEAK = YES;
				CLANG_WARN_BLOCK_CAPTURE_AUTORELEASING = YES;
				CLANG_WARN_BOOL_CONVERSION = YES;
				CLANG_WARN_COMMA = YES;
				CLANG_WARN_CONSTANT_CONVERSION = YES;
				CLANG_WARN_DEPRECATED_OBJC_IMPLEMENTATIONS = YES;
				CLANG_WARN_DIRECT_OBJC_ISA_USAGE = YES_ERROR;
				CLANG_WARN_DOCUMENTATION_COMMENTS = YES;
				CLANG_WARN_EMPTY_BODY = YES;
				CLANG_WARN_ENUM_CONVERSION = YES;
				CLANG_WARN_INFINITE_RECURSION = YES;
				CLANG_WARN_INT_CONVERSION = YES;
				CLANG_WARN_NON_LITERAL_NULL_CONVERSION = YES;
				CLANG_WARN_OBJC_IMPLICIT_RETAIN_SELF = YES;
				CLANG_WARN_OBJC_LITERAL_CONVERSION = YES;
				CLANG_WARN_OBJC_ROOT_CLASS = YES_ERROR;
				CLANG_WARN_QUOTED_INCLUDE_IN_FRAMEWORK_HEADER = YES;
				CLANG_WARN_RANGE_LOOP_ANALYSIS = YES;
				CLANG_WARN_STRICT_PROTOTYPES = YES;
				CLANG_WARN_SUSPICIOUS_MOVE = YES;
				CLANG_WARN_UNGUARDED_AVAILABILITY = YES_AGGRESSIVE;
				CLANG_WARN_UNREACHABLE_CODE = YES;
				CLANG_WARN__DUPLICATE_METHOD_MATCH = YES;
				COPY_PHASE_STRIP = NO;
				DEBUG_INFORMATION_FORMAT = "dwarf-with-dsym";
				ENABLE_NS_ASSERTIONS = NO;
				ENABLE_STRICT_OBJC_MSGSEND = YES;
				GCC_C_LANGUAGE_STANDARD = gnu11;
				GCC_NO_COMMON_BLOCKS = YES;
				GCC_WARN_64_TO_32_BIT_CONVERSION = YES;
				GCC_WARN_ABOUT_RETURN_TYPE = YES_ERROR;
				GCC_WARN_UNDECLARED_SELECTOR = YES;
				GCC_WARN_UNINITIALIZED_AUTOS = YES_AGGRESSIVE;
				GCC_WARN_UNUSED_FUNCTION = YES;
				GCC_WARN_UNUSED_VARIABLE = YES;
				IPHONEOS_DEPLOYMENT_TARGET = 16.4;
				MTL_ENABLE_DEBUG_INFO = NO;
				MTL_FAST_MATH = YES;
				SDKROOT = iphoneos;
				SWIFT_COMPILATION_MODE = wholemodule;
				SWIFT_OPTIMIZATION_LEVEL = "-O";
				VALIDATE_PRODUCT = YES;
			};
			name = Release;
		};
		CFD03C092B15D520008E7E0A /* Debug */ = {
			isa = XCBuildConfiguration;
			buildSettings = {
				ASSETCATALOG_COMPILER_APPICON_NAME = AppIcon;
				ASSETCATALOG_COMPILER_GLOBAL_ACCENT_COLOR_NAME = AccentColor;
				CODE_SIGN_STYLE = Automatic;
				CURRENT_PROJECT_VERSION = 1;
				GENERATE_INFOPLIST_FILE = YES;
				INFOPLIST_FILE = Messanger/Info.plist;
				INFOPLIST_KEY_UIApplicationSupportsIndirectInputEvents = YES;
				INFOPLIST_KEY_UILaunchStoryboardName = LaunchScreen;
				INFOPLIST_KEY_UIMainStoryboardFile = "";
				INFOPLIST_KEY_UISupportedInterfaceOrientations_iPad = "UIInterfaceOrientationPortrait UIInterfaceOrientationPortraitUpsideDown UIInterfaceOrientationLandscapeLeft UIInterfaceOrientationLandscapeRight";
				INFOPLIST_KEY_UISupportedInterfaceOrientations_iPhone = "UIInterfaceOrientationPortrait UIInterfaceOrientationLandscapeLeft UIInterfaceOrientationLandscapeRight";
				LD_RUNPATH_SEARCH_PATHS = (
					"$(inherited)",
					"@executable_path/Frameworks",
				);
				MARKETING_VERSION = 1.0;
				PRODUCT_BUNDLE_IDENTIFIER = TAI.Messanger;
				PRODUCT_NAME = "$(TARGET_NAME)";
				SUPPORTED_PLATFORMS = "iphoneos iphonesimulator";
				SUPPORTS_MACCATALYST = NO;
				SUPPORTS_MAC_DESIGNED_FOR_IPHONE_IPAD = NO;
				SWIFT_EMIT_LOC_STRINGS = YES;
				SWIFT_VERSION = 5.0;
				TARGETED_DEVICE_FAMILY = 1;
			};
			name = Debug;
		};
		CFD03C0A2B15D520008E7E0A /* Release */ = {
			isa = XCBuildConfiguration;
			buildSettings = {
				ASSETCATALOG_COMPILER_APPICON_NAME = AppIcon;
				ASSETCATALOG_COMPILER_GLOBAL_ACCENT_COLOR_NAME = AccentColor;
				CODE_SIGN_STYLE = Automatic;
				CURRENT_PROJECT_VERSION = 1;
				GENERATE_INFOPLIST_FILE = YES;
				INFOPLIST_FILE = Messanger/Info.plist;
				INFOPLIST_KEY_UIApplicationSupportsIndirectInputEvents = YES;
				INFOPLIST_KEY_UILaunchStoryboardName = LaunchScreen;
				INFOPLIST_KEY_UIMainStoryboardFile = "";
				INFOPLIST_KEY_UISupportedInterfaceOrientations_iPad = "UIInterfaceOrientationPortrait UIInterfaceOrientationPortraitUpsideDown UIInterfaceOrientationLandscapeLeft UIInterfaceOrientationLandscapeRight";
				INFOPLIST_KEY_UISupportedInterfaceOrientations_iPhone = "UIInterfaceOrientationPortrait UIInterfaceOrientationLandscapeLeft UIInterfaceOrientationLandscapeRight";
				LD_RUNPATH_SEARCH_PATHS = (
					"$(inherited)",
					"@executable_path/Frameworks",
				);
				MARKETING_VERSION = 1.0;
				PRODUCT_BUNDLE_IDENTIFIER = TAI.Messanger;
				PRODUCT_NAME = "$(TARGET_NAME)";
				SUPPORTED_PLATFORMS = "iphoneos iphonesimulator";
				SUPPORTS_MACCATALYST = NO;
				SUPPORTS_MAC_DESIGNED_FOR_IPHONE_IPAD = NO;
				SWIFT_EMIT_LOC_STRINGS = YES;
				SWIFT_VERSION = 5.0;
				TARGETED_DEVICE_FAMILY = 1;
			};
			name = Release;
		};
/* End XCBuildConfiguration section */

/* Begin XCConfigurationList section */
		CFD03BEF2B15D51E008E7E0A /* Build configuration list for PBXProject "Messanger" */ = {
			isa = XCConfigurationList;
			buildConfigurations = (
				CFD03C062B15D520008E7E0A /* Debug */,
				CFD03C072B15D520008E7E0A /* Release */,
			);
			defaultConfigurationIsVisible = 0;
			defaultConfigurationName = Release;
		};
		CFD03C082B15D520008E7E0A /* Build configuration list for PBXNativeTarget "Messanger" */ = {
			isa = XCConfigurationList;
			buildConfigurations = (
				CFD03C092B15D520008E7E0A /* Debug */,
				CFD03C0A2B15D520008E7E0A /* Release */,
			);
			defaultConfigurationIsVisible = 0;
			defaultConfigurationName = Release;
		};
/* End XCConfigurationList section */

/* Begin XCRemoteSwiftPackageReference section */
		CF2C6C2C2B2EDBC30025EF10 /* XCRemoteSwiftPackageReference "MessageKit" */ = {
			isa = XCRemoteSwiftPackageReference;
			repositoryURL = "https://github.com/MessageKit/MessageKit";
			requirement = {
				kind = upToNextMajorVersion;
				minimumVersion = 4.0.0;
			};
		};
		CFA176EF2CA48E870047A948 /* XCRemoteSwiftPackageReference "SDWebImage" */ = {
			isa = XCRemoteSwiftPackageReference;
			repositoryURL = "https://github.com/SDWebImage/SDWebImage.git";
			requirement = {
				kind = upToNextMajorVersion;
				minimumVersion = 5.19.7;
			};
		};
		CFD03C272B18A19E008E7E0A /* XCRemoteSwiftPackageReference "firebase-ios-sdk" */ = {
			isa = XCRemoteSwiftPackageReference;
			repositoryURL = "https://github.com/firebase/firebase-ios-sdk";
			requirement = {
				kind = upToNextMajorVersion;
				minimumVersion = 10.0.0;
			};
		};
/* End XCRemoteSwiftPackageReference section */

/* Begin XCSwiftPackageProductDependency section */
		CF2C6C2D2B2EDBC30025EF10 /* MessageKit */ = {
			isa = XCSwiftPackageProductDependency;
			package = CF2C6C2C2B2EDBC30025EF10 /* XCRemoteSwiftPackageReference "MessageKit" */;
			productName = MessageKit;
		};
		CFA176F02CA48E870047A948 /* SDWebImage */ = {
			isa = XCSwiftPackageProductDependency;
			package = CFA176EF2CA48E870047A948 /* XCRemoteSwiftPackageReference "SDWebImage" */;
			productName = SDWebImage;
		};
		CFA176F22CA48E870047A948 /* SDWebImageMapKit */ = {
			isa = XCSwiftPackageProductDependency;
			package = CFA176EF2CA48E870047A948 /* XCRemoteSwiftPackageReference "SDWebImage" */;
			productName = SDWebImageMapKit;
		};
		CFD03C282B18A19F008E7E0A /* FirebaseAnalytics */ = {
			isa = XCSwiftPackageProductDependency;
			package = CFD03C272B18A19E008E7E0A /* XCRemoteSwiftPackageReference "firebase-ios-sdk" */;
			productName = FirebaseAnalytics;
		};
		CFD03C2A2B18A19F008E7E0A /* FirebaseAuth */ = {
			isa = XCSwiftPackageProductDependency;
			package = CFD03C272B18A19E008E7E0A /* XCRemoteSwiftPackageReference "firebase-ios-sdk" */;
			productName = FirebaseAuth;
		};
		CFD03C2C2B18A19F008E7E0A /* FirebaseDatabase */ = {
			isa = XCSwiftPackageProductDependency;
			package = CFD03C272B18A19E008E7E0A /* XCRemoteSwiftPackageReference "firebase-ios-sdk" */;
			productName = FirebaseDatabase;
		};
		CFD03C2E2B18A19F008E7E0A /* FirebaseDatabaseSwift */ = {
			isa = XCSwiftPackageProductDependency;
			package = CFD03C272B18A19E008E7E0A /* XCRemoteSwiftPackageReference "firebase-ios-sdk" */;
			productName = FirebaseDatabaseSwift;
		};
		CFD03C302B18A19F008E7E0A /* FirebaseFirestore */ = {
			isa = XCSwiftPackageProductDependency;
			package = CFD03C272B18A19E008E7E0A /* XCRemoteSwiftPackageReference "firebase-ios-sdk" */;
			productName = FirebaseFirestore;
		};
		CFD03C322B18A19F008E7E0A /* FirebaseFirestoreSwift */ = {
			isa = XCSwiftPackageProductDependency;
			package = CFD03C272B18A19E008E7E0A /* XCRemoteSwiftPackageReference "firebase-ios-sdk" */;
			productName = FirebaseFirestoreSwift;
		};
		CFD03C342B18A19F008E7E0A /* FirebaseStorage */ = {
			isa = XCSwiftPackageProductDependency;
			package = CFD03C272B18A19E008E7E0A /* XCRemoteSwiftPackageReference "firebase-ios-sdk" */;
			productName = FirebaseStorage;
		};
/* End XCSwiftPackageProductDependency section */
	};
	rootObject = CFD03BEC2B15D51E008E7E0A /* Project object */;
}
